
Microsoft Visual Studio Solution File, Format Version 12.00
# Visual Studio Version 17
VisualStudioVersion = 17.5.33530.505
MinimumVisualStudioVersion = 10.0.40219.1
Project("{FAE04EC0-301F-11D3-BF4B-00C04F79EFBC}") = "Calculator", "Calculator\Calculator.csproj", "{42BCBBC6-35A7-4D15-9860-24E15127934D}"
EndProject
Project("{2150E333-8FDC-42A3-9474-1A3956D46DE8}") = "Solution Items", "Solution Items", "{16F2F8DE-3298-42D8-98A7-E964B287F36E}"
	ProjectSection(SolutionItems) = preProject
		.editorconfig = .editorconfig
	EndProjectSection
EndProject
Global
	GlobalSection(SolutionConfigurationPlatforms) = preSolution
		Debug|Any CPU = Debug|Any CPU
		Release|Any CPU = Release|Any CPU
	EndGlobalSection
	GlobalSection(ProjectConfigurationPlatforms) = postSolution
		{42BCBBC6-35A7-4D15-9860-24E15127934D}.Debug|Any CPU.ActiveCfg = Debug|Any CPU
		{42BCBBC6-35A7-4D15-9860-24E15127934D}.Debug|Any CPU.Build.0 = Debug|Any CPU
		{42BCBBC6-35A7-4D15-9860-24E15127934D}.Release|Any CPU.ActiveCfg = Release|Any CPU
		{42BCBBC6-35A7-4D15-9860-24E15127934D}.Release|Any CPU.Build.0 = Release|Any CPU
	EndGlobalSection
	GlobalSection(SolutionProperties) = preSolution
		HideSolutionNode = FALSE
	EndGlobalSection
	GlobalSection(ExtensibilityGlobals) = postSolution
		SolutionGuid = {AE2F1B7B-CD4F-43C8-B657-0B89264842C2}
	EndGlobalSection
EndGlobal
